{"version":4,"terraform_version":"1.10.6","serial":4,"lineage":"90be9eb9-fcef-cbfb-dd35-3598f43da768","outputs":{},"resources":[{"mode":"managed","type":"docker_container","name":"worker","provider":"provider[\"registry.opentofu.org/kreuzwerker/docker\"]","instances":[{"index_key":0,"schema_version":2,"attributes":{"attach":false,"bridge":"","capabilities":[],"cgroup_parent":null,"cgroupns_mode":null,"command":["bash","-c","apt-get update \u0026\u0026 apt-get install -y openssh-server python3 \u0026\u0026 sed -i 's/#PermitRootLogin prohibit-password/PermitRootLogin yes/' /etc/ssh/sshd_config \u0026\u0026 sed -i 's/#PasswordAuthentication yes/PasswordAuthentication no/' /etc/ssh/sshd_config \u0026\u0026 sed -i 's/#IgnoreRhosts yes/IgnoreRhosts yes/' /etc/ssh/sshd_config \u0026\u0026 sed -i 's/#PubkeyAuthentication yes/PubkeyAuthentication yes/' /etc/ssh/sshd_config \u0026\u0026 echo 'AuthorizedKeysFile     /root/.ssh/authorized_keys' \u003e\u003e /etc/ssh/sshd_config \u0026\u0026 chown -R root:root /root/.ssh \u0026\u0026 mkdir -p /var/run/sshd \u0026\u0026 /usr/sbin/sshd -D -E /sshd.log"],"container_logs":null,"container_read_refresh_timeout_milliseconds":15000,"cpu_period":null,"cpu_quota":null,"cpu_set":"","cpu_shares":0,"cpus":null,"destroy_grace_seconds":null,"devices":[],"dns":null,"dns_opts":null,"dns_search":null,"domainname":"","entrypoint":[],"env":[],"exit_code":null,"gpus":null,"group_add":null,"healthcheck":null,"host":[],"hostname":"ee44558e43d0","id":"ee44558e43d07b50d39d17a6c268ed8060a6530a05e332732a0c843fbcd99064","image":"sha256:fd8f5a1df07b5195613e4b9a0b6a947d3772a151b81975db27d47f093f60c6e6","init":false,"ipc_mode":"private","labels":[],"log_driver":"json-file","log_opts":null,"logs":false,"max_retry_count":0,"memory":0,"memory_swap":0,"mounts":[],"must_run":true,"name":"worker_node_0","network_data":[{"gateway":"172.17.0.1","global_ipv6_address":"","global_ipv6_prefix_length":0,"ip_address":"172.17.0.3","ip_prefix_length":16,"ipv6_gateway":"","mac_address":"7a:ca:69:bf:ac:6e","network_name":"bridge"}],"network_mode":"bridge","networks_advanced":[],"pid_mode":"","ports":[{"external":2222,"internal":22,"ip":"0.0.0.0","protocol":"tcp"}],"privileged":false,"publish_all_ports":false,"read_only":false,"remove_volumes":true,"restart":"no","rm":false,"runtime":"runc","security_opts":[],"shm_size":64,"start":true,"stdin_open":false,"stop_signal":"","stop_timeout":0,"storage_opts":null,"sysctls":null,"tmpfs":null,"tty":false,"ulimit":[],"upload":[],"user":"","userns_mode":"","volumes":[{"container_path":"/root/.ssh/authorized_keys","from_container":"","host_path":"C:/Users/DELL LAPTOP/OneDrive/Desktop/OneDrive/Desktop/Basic Ecommerce/authorized_keys","read_only":null,"volume_name":""}],"wait":false,"wait_timeout":60,"working_dir":""},"sensitive_attributes":[],"private":"eyJzY2hlbWFfdmVyc2lvbiI6IjIifQ==","dependencies":["docker_image.debian"]},{"index_key":1,"schema_version":2,"attributes":{"attach":false,"bridge":"","capabilities":[],"cgroup_parent":null,"cgroupns_mode":null,"command":["bash","-c","apt-get update \u0026\u0026 apt-get install -y openssh-server python3 \u0026\u0026 sed -i 's/#PermitRootLogin prohibit-password/PermitRootLogin yes/' /etc/ssh/sshd_config \u0026\u0026 sed -i 's/#PasswordAuthentication yes/PasswordAuthentication no/' /etc/ssh/sshd_config \u0026\u0026 sed -i 's/#IgnoreRhosts yes/IgnoreRhosts yes/' /etc/ssh/sshd_config \u0026\u0026 sed -i 's/#PubkeyAuthentication yes/PubkeyAuthentication yes/' /etc/ssh/sshd_config \u0026\u0026 echo 'AuthorizedKeysFile     /root/.ssh/authorized_keys' \u003e\u003e /etc/ssh/sshd_config \u0026\u0026 chown -R root:root /root/.ssh \u0026\u0026 mkdir -p /var/run/sshd \u0026\u0026 /usr/sbin/sshd -D -E /sshd.log"],"container_logs":null,"container_read_refresh_timeout_milliseconds":15000,"cpu_period":null,"cpu_quota":null,"cpu_set":"","cpu_shares":0,"cpus":null,"destroy_grace_seconds":null,"devices":[],"dns":null,"dns_opts":null,"dns_search":null,"domainname":"","entrypoint":[],"env":[],"exit_code":null,"gpus":null,"group_add":null,"healthcheck":null,"host":[],"hostname":"da6a29f62aab","id":"da6a29f62aabe63cdedc0b9c52faad9bc104f1ef6c3fa9ff2a535bc3693b0adf","image":"sha256:fd8f5a1df07b5195613e4b9a0b6a947d3772a151b81975db27d47f093f60c6e6","init":false,"ipc_mode":"private","labels":[],"log_driver":"json-file","log_opts":null,"logs":false,"max_retry_count":0,"memory":0,"memory_swap":0,"mounts":[],"must_run":true,"name":"worker_node_1","network_data":[{"gateway":"172.17.0.1","global_ipv6_address":"","global_ipv6_prefix_length":0,"ip_address":"172.17.0.2","ip_prefix_length":16,"ipv6_gateway":"","mac_address":"e6:d1:f9:34:cd:e3","network_name":"bridge"}],"network_mode":"bridge","networks_advanced":[],"pid_mode":"","ports":[{"external":2223,"internal":22,"ip":"0.0.0.0","protocol":"tcp"}],"privileged":false,"publish_all_ports":false,"read_only":false,"remove_volumes":true,"restart":"no","rm":false,"runtime":"runc","security_opts":[],"shm_size":64,"start":true,"stdin_open":false,"stop_signal":"","stop_timeout":0,"storage_opts":null,"sysctls":null,"tmpfs":null,"tty":false,"ulimit":[],"upload":[],"user":"","userns_mode":"","volumes":[{"container_path":"/root/.ssh/authorized_keys","from_container":"","host_path":"C:/Users/DELL LAPTOP/OneDrive/Desktop/OneDrive/Desktop/Basic Ecommerce/authorized_keys","read_only":null,"volume_name":""}],"wait":false,"wait_timeout":60,"working_dir":""},"sensitive_attributes":[],"private":"eyJzY2hlbWFfdmVyc2lvbiI6IjIifQ==","dependencies":["docker_image.debian"]},{"index_key":2,"schema_version":2,"attributes":{"attach":false,"bridge":"","capabilities":[],"cgroup_parent":null,"cgroupns_mode":null,"command":["bash","-c","apt-get update \u0026\u0026 apt-get install -y openssh-server python3 \u0026\u0026 sed -i 's/#PermitRootLogin prohibit-password/PermitRootLogin yes/' /etc/ssh/sshd_config \u0026\u0026 sed -i 's/#PasswordAuthentication yes/PasswordAuthentication no/' /etc/ssh/sshd_config \u0026\u0026 sed -i 's/#IgnoreRhosts yes/IgnoreRhosts yes/' /etc/ssh/sshd_config \u0026\u0026 sed -i 's/#PubkeyAuthentication yes/PubkeyAuthentication yes/' /etc/ssh/sshd_config \u0026\u0026 echo 'AuthorizedKeysFile     /root/.ssh/authorized_keys' \u003e\u003e /etc/ssh/sshd_config \u0026\u0026 chown -R root:root /root/.ssh \u0026\u0026 mkdir -p /var/run/sshd \u0026\u0026 /usr/sbin/sshd -D -E /sshd.log"],"container_logs":null,"container_read_refresh_timeout_milliseconds":15000,"cpu_period":null,"cpu_quota":null,"cpu_set":"","cpu_shares":0,"cpus":null,"destroy_grace_seconds":null,"devices":[],"dns":null,"dns_opts":null,"dns_search":null,"domainname":"","entrypoint":[],"env":[],"exit_code":null,"gpus":null,"group_add":null,"healthcheck":null,"host":[],"hostname":"d58e6a60ec1b","id":"d58e6a60ec1ba38bdf690e954c058047ca3e3233895d05c2db6467571de5fdf7","image":"sha256:fd8f5a1df07b5195613e4b9a0b6a947d3772a151b81975db27d47f093f60c6e6","init":false,"ipc_mode":"private","labels":[],"log_driver":"json-file","log_opts":null,"logs":false,"max_retry_count":0,"memory":0,"memory_swap":0,"mounts":[],"must_run":true,"name":"worker_node_2","network_data":[{"gateway":"172.17.0.1","global_ipv6_address":"","global_ipv6_prefix_length":0,"ip_address":"172.17.0.6","ip_prefix_length":16,"ipv6_gateway":"","mac_address":"5e:cb:a4:db:e9:a8","network_name":"bridge"}],"network_mode":"bridge","networks_advanced":[],"pid_mode":"","ports":[{"external":2224,"internal":22,"ip":"0.0.0.0","protocol":"tcp"}],"privileged":false,"publish_all_ports":false,"read_only":false,"remove_volumes":true,"restart":"no","rm":false,"runtime":"runc","security_opts":[],"shm_size":64,"start":true,"stdin_open":false,"stop_signal":"","stop_timeout":0,"storage_opts":null,"sysctls":null,"tmpfs":null,"tty":false,"ulimit":[],"upload":[],"user":"","userns_mode":"","volumes":[{"container_path":"/root/.ssh/authorized_keys","from_container":"","host_path":"C:/Users/DELL LAPTOP/OneDrive/Desktop/OneDrive/Desktop/Basic Ecommerce/authorized_keys","read_only":null,"volume_name":""}],"wait":false,"wait_timeout":60,"working_dir":""},"sensitive_attributes":[],"private":"eyJzY2hlbWFfdmVyc2lvbiI6IjIifQ==","dependencies":["docker_image.debian"]},{"index_key":3,"schema_version":2,"attributes":{"attach":false,"bridge":"","capabilities":[],"cgroup_parent":null,"cgroupns_mode":null,"command":["bash","-c","apt-get update \u0026\u0026 apt-get install -y openssh-server python3 \u0026\u0026 sed -i 's/#PermitRootLogin prohibit-password/PermitRootLogin yes/' /etc/ssh/sshd_config \u0026\u0026 sed -i 's/#PasswordAuthentication yes/PasswordAuthentication no/' /etc/ssh/sshd_config \u0026\u0026 sed -i 's/#IgnoreRhosts yes/IgnoreRhosts yes/' /etc/ssh/sshd_config \u0026\u0026 sed -i 's/#PubkeyAuthentication yes/PubkeyAuthentication yes/' /etc/ssh/sshd_config \u0026\u0026 echo 'AuthorizedKeysFile     /root/.ssh/authorized_keys' \u003e\u003e /etc/ssh/sshd_config \u0026\u0026 chown -R root:root /root/.ssh \u0026\u0026 mkdir -p /var/run/sshd \u0026\u0026 /usr/sbin/sshd -D -E /sshd.log"],"container_logs":null,"container_read_refresh_timeout_milliseconds":15000,"cpu_period":null,"cpu_quota":null,"cpu_set":"","cpu_shares":0,"cpus":null,"destroy_grace_seconds":null,"devices":[],"dns":null,"dns_opts":null,"dns_search":null,"domainname":"","entrypoint":[],"env":[],"exit_code":null,"gpus":null,"group_add":null,"healthcheck":null,"host":[],"hostname":"5eb6adb66ca9","id":"5eb6adb66ca9b8ba3693dd2db45cf4d983c76d987de19e5a9e120e063108f76d","image":"sha256:fd8f5a1df07b5195613e4b9a0b6a947d3772a151b81975db27d47f093f60c6e6","init":false,"ipc_mode":"private","labels":[],"log_driver":"json-file","log_opts":null,"logs":false,"max_retry_count":0,"memory":0,"memory_swap":0,"mounts":[],"must_run":true,"name":"worker_node_3","network_data":[{"gateway":"172.17.0.1","global_ipv6_address":"","global_ipv6_prefix_length":0,"ip_address":"172.17.0.4","ip_prefix_length":16,"ipv6_gateway":"","mac_address":"2a:38:45:07:f1:56","network_name":"bridge"}],"network_mode":"bridge","networks_advanced":[],"pid_mode":"","ports":[{"external":2225,"internal":22,"ip":"0.0.0.0","protocol":"tcp"}],"privileged":false,"publish_all_ports":false,"read_only":false,"remove_volumes":true,"restart":"no","rm":false,"runtime":"runc","security_opts":[],"shm_size":64,"start":true,"stdin_open":false,"stop_signal":"","stop_timeout":0,"storage_opts":null,"sysctls":null,"tmpfs":null,"tty":false,"ulimit":[],"upload":[],"user":"","userns_mode":"","volumes":[{"container_path":"/root/.ssh/authorized_keys","from_container":"","host_path":"C:/Users/DELL LAPTOP/OneDrive/Desktop/OneDrive/Desktop/Basic Ecommerce/authorized_keys","read_only":null,"volume_name":""}],"wait":false,"wait_timeout":60,"working_dir":""},"sensitive_attributes":[],"private":"eyJzY2hlbWFfdmVyc2lvbiI6IjIifQ==","dependencies":["docker_image.debian"]},{"index_key":4,"schema_version":2,"attributes":{"attach":false,"bridge":"","capabilities":[],"cgroup_parent":null,"cgroupns_mode":null,"command":["bash","-c","apt-get update \u0026\u0026 apt-get install -y openssh-server python3 \u0026\u0026 sed -i 's/#PermitRootLogin prohibit-password/PermitRootLogin yes/' /etc/ssh/sshd_config \u0026\u0026 sed -i 's/#PasswordAuthentication yes/PasswordAuthentication no/' /etc/ssh/sshd_config \u0026\u0026 sed -i 's/#IgnoreRhosts yes/IgnoreRhosts yes/' /etc/ssh/sshd_config \u0026\u0026 sed -i 's/#PubkeyAuthentication yes/PubkeyAuthentication yes/' /etc/ssh/sshd_config \u0026\u0026 echo 'AuthorizedKeysFile     /root/.ssh/authorized_keys' \u003e\u003e /etc/ssh/sshd_config \u0026\u0026 chown -R root:root /root/.ssh \u0026\u0026 mkdir -p /var/run/sshd \u0026\u0026 /usr/sbin/sshd -D -E /sshd.log"],"container_logs":null,"container_read_refresh_timeout_milliseconds":15000,"cpu_period":null,"cpu_quota":null,"cpu_set":"","cpu_shares":0,"cpus":null,"destroy_grace_seconds":null,"devices":[],"dns":null,"dns_opts":null,"dns_search":null,"domainname":"","entrypoint":[],"env":[],"exit_code":null,"gpus":null,"group_add":null,"healthcheck":null,"host":[],"hostname":"9351cad1b535","id":"9351cad1b535f283eb3cccd5e7f746b0198efa59f1be318f8e0c40bf16c7fb5f","image":"sha256:fd8f5a1df07b5195613e4b9a0b6a947d3772a151b81975db27d47f093f60c6e6","init":false,"ipc_mode":"private","labels":[],"log_driver":"json-file","log_opts":null,"logs":false,"max_retry_count":0,"memory":0,"memory_swap":0,"mounts":[],"must_run":true,"name":"worker_node_4","network_data":[{"gateway":"172.17.0.1","global_ipv6_address":"","global_ipv6_prefix_length":0,"ip_address":"172.17.0.5","ip_prefix_length":16,"ipv6_gateway":"","mac_address":"8a:fa:7a:5e:d9:45","network_name":"bridge"}],"network_mode":"bridge","networks_advanced":[],"pid_mode":"","ports":[{"external":2226,"internal":22,"ip":"0.0.0.0","protocol":"tcp"}],"privileged":false,"publish_all_ports":false,"read_only":false,"remove_volumes":true,"restart":"no","rm":false,"runtime":"runc","security_opts":[],"shm_size":64,"start":true,"stdin_open":false,"stop_signal":"","stop_timeout":0,"storage_opts":null,"sysctls":null,"tmpfs":null,"tty":false,"ulimit":[],"upload":[],"user":"","userns_mode":"","volumes":[{"container_path":"/root/.ssh/authorized_keys","from_container":"","host_path":"C:/Users/DELL LAPTOP/OneDrive/Desktop/OneDrive/Desktop/Basic Ecommerce/authorized_keys","read_only":null,"volume_name":""}],"wait":false,"wait_timeout":60,"working_dir":""},"sensitive_attributes":[],"private":"eyJzY2hlbWFfdmVyc2lvbiI6IjIifQ==","dependencies":["docker_image.debian"]},{"index_key":5,"schema_version":2,"attributes":{"attach":false,"bridge":"","capabilities":[],"cgroup_parent":null,"cgroupns_mode":null,"command":["bash","-c","apt-get update \u0026\u0026 apt-get install -y openssh-server python3 \u0026\u0026 sed -i 's/#PermitRootLogin prohibit-password/PermitRootLogin yes/' /etc/ssh/sshd_config \u0026\u0026 sed -i 's/#PasswordAuthentication yes/PasswordAuthentication no/' /etc/ssh/sshd_config \u0026\u0026 sed -i 's/#IgnoreRhosts yes/IgnoreRhosts yes/' /etc/ssh/sshd_config \u0026\u0026 sed -i 's/#PubkeyAuthentication yes/PubkeyAuthentication yes/' /etc/ssh/sshd_config \u0026\u0026 echo 'AuthorizedKeysFile     /root/.ssh/authorized_keys' \u003e\u003e /etc/ssh/sshd_config \u0026\u0026 chown -R root:root /root/.ssh \u0026\u0026 mkdir -p /var/run/sshd \u0026\u0026 /usr/sbin/sshd -D -E /sshd.log"],"container_logs":null,"container_read_refresh_timeout_milliseconds":15000,"cpu_period":null,"cpu_quota":null,"cpu_set":"","cpu_shares":0,"cpus":null,"destroy_grace_seconds":null,"devices":[],"dns":null,"dns_opts":null,"dns_search":null,"domainname":"","entrypoint":[],"env":[],"exit_code":null,"gpus":null,"group_add":null,"healthcheck":null,"host":[],"hostname":"3a1e4ddf23ad","id":"3a1e4ddf23ad7645623e9a5e0dc4e40eadd70789ce837b300a27a41418a71cf8","image":"sha256:fd8f5a1df07b5195613e4b9a0b6a947d3772a151b81975db27d47f093f60c6e6","init":false,"ipc_mode":"private","labels":[],"log_driver":"json-file","log_opts":null,"logs":false,"max_retry_count":0,"memory":0,"memory_swap":0,"mounts":[],"must_run":true,"name":"worker_node_5","network_data":[{"gateway":"172.17.0.1","global_ipv6_address":"","global_ipv6_prefix_length":0,"ip_address":"172.17.0.7","ip_prefix_length":16,"ipv6_gateway":"","mac_address":"de:e1:01:30:2f:e7","network_name":"bridge"}],"network_mode":"bridge","networks_advanced":[],"pid_mode":"","ports":[{"external":2227,"internal":22,"ip":"0.0.0.0","protocol":"tcp"}],"privileged":false,"publish_all_ports":false,"read_only":false,"remove_volumes":true,"restart":"no","rm":false,"runtime":"runc","security_opts":[],"shm_size":64,"start":true,"stdin_open":false,"stop_signal":"","stop_timeout":0,"storage_opts":null,"sysctls":null,"tmpfs":null,"tty":false,"ulimit":[],"upload":[],"user":"","userns_mode":"","volumes":[{"container_path":"/root/.ssh/authorized_keys","from_container":"","host_path":"C:/Users/DELL LAPTOP/OneDrive/Desktop/OneDrive/Desktop/Basic Ecommerce/authorized_keys","read_only":null,"volume_name":""}],"wait":false,"wait_timeout":60,"working_dir":""},"sensitive_attributes":[],"private":"eyJzY2hlbWFfdmVyc2lvbiI6IjIifQ==","dependencies":["docker_image.debian"]}]},{"mode":"managed","type":"docker_image","name":"debian","provider":"provider[\"registry.opentofu.org/kreuzwerker/docker\"]","instances":[{"schema_version":0,"attributes":{"build":[],"force_remove":null,"id":"sha256:fd8f5a1df07b5195613e4b9a0b6a947d3772a151b81975db27d47f093f60c6e6debian:latest","image_id":"sha256:fd8f5a1df07b5195613e4b9a0b6a947d3772a151b81975db27d47f093f60c6e6","keep_locally":null,"name":"debian:latest","platform":null,"pull_triggers":null,"repo_digest":"debian@sha256:fd8f5a1df07b5195613e4b9a0b6a947d3772a151b81975db27d47f093f60c6e6","timeouts":null,"triggers":null},"sensitive_attributes":[],"private":"eyJlMmJmYjczMC1lY2FhLTExZTYtOGY4OC0zNDM2M2JjN2M0YzAiOnsiY3JlYXRlIjoxMjAwMDAwMDAwMDAwLCJkZWxldGUiOjEyMDAwMDAwMDAwMDAsInVwZGF0ZSI6MTIwMDAwMDAwMDAwMH19"}]},{"mode":"managed","type":"local_file","name":"ansible_inventory","provider":"provider[\"registry.opentofu.org/hashicorp/local\"]","instances":[{"schema_version":0,"attributes":{"content":"[workers]\r\nworker_node_0 ansible_host=localhost ansible_port=2222 ansible_user=root\nworker_node_1 ansible_host=localhost ansible_port=2223 ansible_user=root\nworker_node_2 ansible_host=localhost ansible_port=2224 ansible_user=root\nworker_node_3 ansible_host=localhost ansible_port=2225 ansible_user=root\nworker_node_4 ansible_host=localhost ansible_port=2226 ansible_user=root\nworker_node_5 ansible_host=localhost ansible_port=2227 ansible_user=root\r\n","content_base64":null,"content_base64sha256":"IIWiiD9JXxutzva81nKSQxh7u6Vuc4iULaDsNEFPbQA=","content_base64sha512":"3ZrH98oDr1Vmx64hPEkyU7sPbDeviYM85ixybFKTzzjWEOHPGNLaf/uRRscI5n+NBhd91tabd4WqyPkX2VfXhw==","content_md5":"7f5050ce5242ac2748457fce4fb8acc8","content_sha1":"c799353b74f8321ac9bc0489a66dd4568d163354","content_sha256":"2085a2883f495f1badcef6bcd6729243187bbba56e7388942da0ec34414f6d00","content_sha512":"dd9ac7f7ca03af5566c7ae213c493253bb0f6c37af89833ce62c726c5293cf38d610e1cf18d2da7ffb9146c708e67f8d06177dd6d69b7785aac8f917d957d787","directory_permission":"0777","file_permission":"0777","filename":"./hosts.ini","id":"c799353b74f8321ac9bc0489a66dd4568d163354","sensitive_content":null,"source":null},"sensitive_attributes":[[{"type":"get_attr","value":"sensitive_content"}]],"dependencies":["docker_container.worker","docker_image.debian"]}]},{"mode":"managed","type":"null_resource","name":"ssh_keys","provider":"provider[\"registry.opentofu.org/hashicorp/null\"]","instances":[{"schema_version":0,"attributes":{"id":"4921393351315499508","triggers":null},"sensitive_attributes":[]}]}],"check_results":null}
